
Microsoft Visual Studio Solution File, Format Version 12.00
# Visual Studio 14
VisualStudioVersion = 14.0.24720.0
MinimumVisualStudioVersion = 10.0.40219.1
Project("{FAE04EC0-301F-11D3-BF4B-00C04F79EFBC}") = "智信构建结构测试", "智信构建结构\智信构建结构测试.csproj", "{BA96C272-6744-4EAD-AF3B-BBB8EC8E7DC0}"
	ProjectSection(ProjectDependencies) = postProject
		{DC9B4157-68C6-4F52-B8E4-EC2E4BC1D237} = {DC9B4157-68C6-4F52-B8E4-EC2E4BC1D237}
		{A237E772-678D-490B-ADDF-1D4535D970B6} = {A237E772-678D-490B-ADDF-1D4535D970B6}
	EndProjectSection
EndProject
Project("{2150E333-8FDC-42A3-9474-1A3956D46DE8}") = "服务端", "服务端", "{AFDAF284-45F3-406D-A585-AE187827F28A}"
EndProject
Project("{FAE04EC0-301F-11D3-BF4B-00C04F79EFBC}") = "MyInterface", "MyInterface\MyInterface.csproj", "{FED411E6-075E-4DE0-8284-8CBD0879B55D}"
EndProject
Project("{FAE04EC0-301F-11D3-BF4B-00C04F79EFBC}") = "通用TCP云服务端", "通用TCP云服务端\通用TCP云服务端.csproj", "{BCB76C92-15DD-436C-9B5C-6D8D9671FA88}"
EndProject
Project("{2150E333-8FDC-42A3-9474-1A3956D46DE8}") = "文档说明", "文档说明", "{5B57293F-9B11-4799-9E4A-BCA82C622BFC}"
	ProjectSection(SolutionItems) = preProject
		文档说明\BCS网关通信流程图.vsdx = 文档说明\BCS网关通信流程图.vsdx
		文档说明\智信构建说明\服务端\MyInterface.dll = 文档说明\智信构建说明\服务端\MyInterface.dll
		文档说明\智信构建说明\服务端\Newtonsoft.Json.dll = 文档说明\智信构建说明\服务端\Newtonsoft.Json.dll
		文档说明\智信构建说明\服务端\P2PServer.dll = 文档说明\智信构建说明\服务端\P2PServer.dll
		文档说明\智信构建说明\服务端\StandardModel.dll = 文档说明\智信构建说明\服务端\StandardModel.dll
		文档说明\智信构建说明\服务端\UserTableTitle.xml = 文档说明\智信构建说明\服务端\UserTableTitle.xml
		文档说明\分布式通信方案.vsdx = 文档说明\分布式通信方案.vsdx
		文档说明\智信构建说明\服务端\前后台通信数据等级范本.doc = 文档说明\智信构建说明\服务端\前后台通信数据等级范本.doc
		文档说明\智信构建说明\服务端\大河智信构建产品使用说明.doc = 文档说明\智信构建说明\服务端\大河智信构建产品使用说明.doc
		文档说明\无标题.jpg = 文档说明\无标题.jpg
		文档说明\物联网平台化方案2015-1-9.doc = 文档说明\物联网平台化方案2015-1-9.doc
		文档说明\物联网平台指令集合.docx = 文档说明\物联网平台指令集合.docx
		文档说明\智信构建说明\服务端\物联网平台指令集合.docx = 文档说明\智信构建说明\服务端\物联网平台指令集合.docx
	EndProjectSection
EndProject
Project("{2150E333-8FDC-42A3-9474-1A3956D46DE8}") = "通用接口类库", "通用接口类库", "{9A31E001-7D01-4333-9CF1-90B7D8AB69E3}"
EndProject
Project("{2150E333-8FDC-42A3-9474-1A3956D46DE8}") = "客户端", "客户端", "{41BBBA6D-5ECA-476F-93DA-6795C01E4145}"
EndProject
Project("{FAE04EC0-301F-11D3-BF4B-00C04F79EFBC}") = "TCPclient", "TCPclient\TCPclient.csproj", "{DC9B4157-68C6-4F52-B8E4-EC2E4BC1D237}"
EndProject
Project("{2150E333-8FDC-42A3-9474-1A3956D46DE8}") = "后台接收示例", "后台接收示例", "{A09DECE8-C135-491D-BE71-C45D026D6337}"
EndProject
Project("{2150E333-8FDC-42A3-9474-1A3956D46DE8}") = "前台发送示例", "前台发送示例", "{71078A48-C6BA-4E2E-A22A-229EEBB665B9}"
EndProject
Project("{FAE04EC0-301F-11D3-BF4B-00C04F79EFBC}") = "前台测试", "前台测试\前台测试.csproj", "{F532CD50-A844-49DD-8AEF-619DF0694406}"
EndProject
Project("{2150E333-8FDC-42A3-9474-1A3956D46DE8}") = "数据实体层", "数据实体层", "{27A69E5C-338F-4D95-A03A-53369BA7948B}"
EndProject
Project("{FAE04EC0-301F-11D3-BF4B-00C04F79EFBC}") = "C", "C\C.csproj", "{760EE9C1-FB62-44A9-8FCB-21BD5B8F42EC}"
EndProject
Project("{FAE04EC0-301F-11D3-BF4B-00C04F79EFBC}") = "content_manage", "content_manage\content_manage.csproj", "{B778F21D-C26C-491D-BD1D-EBF507F72289}"
EndProject
Project("{FAE04EC0-301F-11D3-BF4B-00C04F79EFBC}") = "统一登录网关", "统一登录服务\统一登录网关.csproj", "{53047F4F-9839-40A7-B10B-CCAF1A66EA37}"
EndProject
Project("{FAE04EC0-301F-11D3-BF4B-00C04F79EFBC}") = "TCPServer", "TCPServer\TCPServer.csproj", "{A237E772-678D-490B-ADDF-1D4535D970B6}"
EndProject
Project("{2150E333-8FDC-42A3-9474-1A3956D46DE8}") = "流媒体服务器", "流媒体服务器", "{86B0B0F5-1872-4390-93F8-AC2A46F9AAB4}"
EndProject
Project("{FAE04EC0-301F-11D3-BF4B-00C04F79EFBC}") = "CameraServer", "WindowsFormsApplication1\CameraServer.csproj", "{48286D69-A549-43F1-9549-843376F00790}"
EndProject
Project("{FAE04EC0-301F-11D3-BF4B-00C04F79EFBC}") = "DHNetSDKCS", "DaHuaNetSDK.CS\DHNetSDKCS.csproj", "{149A62F0-7073-4F54-B91E-E0B041C1A3EC}"
EndProject
Project("{FAE04EC0-301F-11D3-BF4B-00C04F79EFBC}") = "DHDVR", "DHDVR\DHDVR.csproj", "{11CAD046-50BC-49CE-8DC4-016A43571372}"
EndProject
Project("{FAE04EC0-301F-11D3-BF4B-00C04F79EFBC}") = "DHPlaySDKCS", "DHPlaySDKCS\DHPlaySDKCS.csproj", "{C79E29D6-9549-49B2-B038-C9AB45D391D5}"
EndProject
Project("{FAE04EC0-301F-11D3-BF4B-00C04F79EFBC}") = "DHVDCSDKCS", "DHVDCSDKCS\DHVDCSDKCS.csproj", "{DE4ACA8D-25E6-4334-A8DE-FB5CFF8371B4}"
EndProject
Project("{FAE04EC0-301F-11D3-BF4B-00C04F79EFBC}") = "CameraC", "CameraC\CameraC.csproj", "{CB268753-D46A-49EB-BBCA-B24C06A9DD56}"
EndProject
Project("{FAE04EC0-301F-11D3-BF4B-00C04F79EFBC}") = "TCPliumei", "TCPliumei\TCPliumei.csproj", "{778DA202-51CB-4E0B-8F55-DB50E4C4A3BD}"
EndProject
Project("{FAE04EC0-301F-11D3-BF4B-00C04F79EFBC}") = "Cpanel", "Cpanel\Cpanel.csproj", "{1B4A641C-9B4E-455E-83CB-E5DA6DB4EC6D}"
EndProject
Project("{FAE04EC0-301F-11D3-BF4B-00C04F79EFBC}") = "p2pserver-vdio", "p2pserver-vdio\p2pserver-vdio.csproj", "{2863350A-EB90-40BE-9636-7A60579428DB}"
EndProject
Project("{FAE04EC0-301F-11D3-BF4B-00C04F79EFBC}") = "P2P-v", "P2P-v\P2P-v.csproj", "{D80CB41D-FDFD-4786-AC5B-E99B2DC10483}"
EndProject
Project("{2150E333-8FDC-42A3-9474-1A3956D46DE8}") = "WP类库", "WP类库", "{CCFE7C31-52DC-4DAF-A983-3BDE348B4132}"
EndProject
Project("{FAE04EC0-301F-11D3-BF4B-00C04F79EFBC}") = "WPClient", "WPClient\WPClient.csproj", "{6D923566-DE18-466D-B2BC-E06F50E76352}"
EndProject
Project("{E24C65DC-7377-472B-9ABA-BC803B73C61A}") = "WebSocketClient", "WebSocketClient\WebSocketClient\", "{16FB99BB-2814-40CF-9943-B26C66E3D1E2}"
	ProjectSection(WebsiteProperties) = preProject
		TargetFrameworkMoniker = ".NETFramework,Version%3Dv4.5.2"
		Debug.AspNetCompiler.VirtualPath = "/localhost_53640"
		Debug.AspNetCompiler.PhysicalPath = "WebSocketClient\WebSocketClient\"
		Debug.AspNetCompiler.TargetPath = "PrecompiledWeb\localhost_53640\"
		Debug.AspNetCompiler.Updateable = "true"
		Debug.AspNetCompiler.ForceOverwrite = "true"
		Debug.AspNetCompiler.FixedNames = "false"
		Debug.AspNetCompiler.Debug = "True"
		Release.AspNetCompiler.VirtualPath = "/localhost_53640"
		Release.AspNetCompiler.PhysicalPath = "WebSocketClient\WebSocketClient\"
		Release.AspNetCompiler.TargetPath = "PrecompiledWeb\localhost_53640\"
		Release.AspNetCompiler.Updateable = "true"
		Release.AspNetCompiler.ForceOverwrite = "true"
		Release.AspNetCompiler.FixedNames = "false"
		Release.AspNetCompiler.Debug = "False"
		VWDPort = "53640"
		SlnRelativePath = "WebSocketClient\WebSocketClient\"
	EndProjectSection
EndProject
Project("{2150E333-8FDC-42A3-9474-1A3956D46DE8}") = "WPTestApp", "WPTestApp", "{28421BE1-E449-4B7F-AED8-06F02BA046B4}"
EndProject
Project("{FAE04EC0-301F-11D3-BF4B-00C04F79EFBC}") = "PhoneApp", "PhoneApp\PhoneApp.csproj", "{C669DE88-6AA0-40FC-937B-9CBB4830FB2D}"
EndProject
Project("{2150E333-8FDC-42A3-9474-1A3956D46DE8}") = "winform", "winform", "{83FCC670-FF22-4C0B-8383-093BD954246B}"
EndProject
Project("{2150E333-8FDC-42A3-9474-1A3956D46DE8}") = "WEB", "WEB", "{103F29CF-2D53-4613-A4E2-426873B32164}"
EndProject
Global
	GlobalSection(SubversionScc) = preSolution
		Svn-Managed = True
		Manager = AnkhSVN - Subversion Support for Visual Studio
	EndGlobalSection
	GlobalSection(SolutionConfigurationPlatforms) = preSolution
		AAA|Any CPU = AAA|Any CPU
		AAA|ARM = AAA|ARM
		AAA|x64 = AAA|x64
		AAA|x86 = AAA|x86
		Debug|Any CPU = Debug|Any CPU
		Debug|ARM = Debug|ARM
		Debug|x64 = Debug|x64
		Debug|x86 = Debug|x86
		Release|Any CPU = Release|Any CPU
		Release|ARM = Release|ARM
		Release|x64 = Release|x64
		Release|x86 = Release|x86
	EndGlobalSection
	GlobalSection(ProjectConfigurationPlatforms) = postSolution
		{BA96C272-6744-4EAD-AF3B-BBB8EC8E7DC0}.AAA|Any CPU.ActiveCfg = Debug|Any CPU
		{BA96C272-6744-4EAD-AF3B-BBB8EC8E7DC0}.AAA|Any CPU.Build.0 = Debug|Any CPU
		{BA96C272-6744-4EAD-AF3B-BBB8EC8E7DC0}.AAA|ARM.ActiveCfg = AAA|Any CPU
		{BA96C272-6744-4EAD-AF3B-BBB8EC8E7DC0}.AAA|ARM.Build.0 = AAA|Any CPU
		{BA96C272-6744-4EAD-AF3B-BBB8EC8E7DC0}.AAA|x64.ActiveCfg = AAA|Any CPU
		{BA96C272-6744-4EAD-AF3B-BBB8EC8E7DC0}.AAA|x64.Build.0 = AAA|Any CPU
		{BA96C272-6744-4EAD-AF3B-BBB8EC8E7DC0}.AAA|x86.ActiveCfg = AAA|x86
		{BA96C272-6744-4EAD-AF3B-BBB8EC8E7DC0}.AAA|x86.Build.0 = AAA|x86
		{BA96C272-6744-4EAD-AF3B-BBB8EC8E7DC0}.Debug|Any CPU.ActiveCfg = Debug|Any CPU
		{BA96C272-6744-4EAD-AF3B-BBB8EC8E7DC0}.Debug|Any CPU.Build.0 = Debug|Any CPU
		{BA96C272-6744-4EAD-AF3B-BBB8EC8E7DC0}.Debug|ARM.ActiveCfg = Debug|Any CPU
		{BA96C272-6744-4EAD-AF3B-BBB8EC8E7DC0}.Debug|ARM.Build.0 = Debug|Any CPU
		{BA96C272-6744-4EAD-AF3B-BBB8EC8E7DC0}.Debug|x64.ActiveCfg = Debug|Any CPU
		{BA96C272-6744-4EAD-AF3B-BBB8EC8E7DC0}.Debug|x64.Build.0 = Debug|Any CPU
		{BA96C272-6744-4EAD-AF3B-BBB8EC8E7DC0}.Debug|x86.ActiveCfg = Debug|x86
		{BA96C272-6744-4EAD-AF3B-BBB8EC8E7DC0}.Debug|x86.Build.0 = Debug|x86
		{BA96C272-6744-4EAD-AF3B-BBB8EC8E7DC0}.Release|Any CPU.ActiveCfg = Release|Any CPU
		{BA96C272-6744-4EAD-AF3B-BBB8EC8E7DC0}.Release|Any CPU.Build.0 = Release|Any CPU
		{BA96C272-6744-4EAD-AF3B-BBB8EC8E7DC0}.Release|ARM.ActiveCfg = Release|Any CPU
		{BA96C272-6744-4EAD-AF3B-BBB8EC8E7DC0}.Release|ARM.Build.0 = Release|Any CPU
		{BA96C272-6744-4EAD-AF3B-BBB8EC8E7DC0}.Release|x64.ActiveCfg = Release|Any CPU
		{BA96C272-6744-4EAD-AF3B-BBB8EC8E7DC0}.Release|x64.Build.0 = Release|Any CPU
		{BA96C272-6744-4EAD-AF3B-BBB8EC8E7DC0}.Release|x86.ActiveCfg = Release|x86
		{BA96C272-6744-4EAD-AF3B-BBB8EC8E7DC0}.Release|x86.Build.0 = Release|x86
		{FED411E6-075E-4DE0-8284-8CBD0879B55D}.AAA|Any CPU.ActiveCfg = Debug|Any CPU
		{FED411E6-075E-4DE0-8284-8CBD0879B55D}.AAA|Any CPU.Build.0 = Debug|Any CPU
		{FED411E6-075E-4DE0-8284-8CBD0879B55D}.AAA|ARM.ActiveCfg = AAA|Any CPU
		{FED411E6-075E-4DE0-8284-8CBD0879B55D}.AAA|ARM.Build.0 = AAA|Any CPU
		{FED411E6-075E-4DE0-8284-8CBD0879B55D}.AAA|x64.ActiveCfg = AAA|Any CPU
		{FED411E6-075E-4DE0-8284-8CBD0879B55D}.AAA|x64.Build.0 = AAA|Any CPU
		{FED411E6-075E-4DE0-8284-8CBD0879B55D}.AAA|x86.ActiveCfg = AAA|Any CPU
		{FED411E6-075E-4DE0-8284-8CBD0879B55D}.AAA|x86.Build.0 = AAA|Any CPU
		{FED411E6-075E-4DE0-8284-8CBD0879B55D}.Debug|Any CPU.ActiveCfg = Debug|Any CPU
		{FED411E6-075E-4DE0-8284-8CBD0879B55D}.Debug|Any CPU.Build.0 = Debug|Any CPU
		{FED411E6-075E-4DE0-8284-8CBD0879B55D}.Debug|ARM.ActiveCfg = Debug|Any CPU
		{FED411E6-075E-4DE0-8284-8CBD0879B55D}.Debug|ARM.Build.0 = Debug|Any CPU
		{FED411E6-075E-4DE0-8284-8CBD0879B55D}.Debug|x64.ActiveCfg = Debug|Any CPU
		{FED411E6-075E-4DE0-8284-8CBD0879B55D}.Debug|x64.Build.0 = Debug|Any CPU
		{FED411E6-075E-4DE0-8284-8CBD0879B55D}.Debug|x86.ActiveCfg = Debug|Any CPU
		{FED411E6-075E-4DE0-8284-8CBD0879B55D}.Debug|x86.Build.0 = Debug|Any CPU
		{FED411E6-075E-4DE0-8284-8CBD0879B55D}.Release|Any CPU.ActiveCfg = Release|Any CPU
		{FED411E6-075E-4DE0-8284-8CBD0879B55D}.Release|Any CPU.Build.0 = Release|Any CPU
		{FED411E6-075E-4DE0-8284-8CBD0879B55D}.Release|ARM.ActiveCfg = Release|Any CPU
		{FED411E6-075E-4DE0-8284-8CBD0879B55D}.Release|ARM.Build.0 = Release|Any CPU
		{FED411E6-075E-4DE0-8284-8CBD0879B55D}.Release|x64.ActiveCfg = Release|Any CPU
		{FED411E6-075E-4DE0-8284-8CBD0879B55D}.Release|x64.Build.0 = Release|Any CPU
		{FED411E6-075E-4DE0-8284-8CBD0879B55D}.Release|x86.ActiveCfg = Release|Any CPU
		{FED411E6-075E-4DE0-8284-8CBD0879B55D}.Release|x86.Build.0 = Release|Any CPU
		{BCB76C92-15DD-436C-9B5C-6D8D9671FA88}.AAA|Any CPU.ActiveCfg = Debug|Any CPU
		{BCB76C92-15DD-436C-9B5C-6D8D9671FA88}.AAA|Any CPU.Build.0 = Debug|Any CPU
		{BCB76C92-15DD-436C-9B5C-6D8D9671FA88}.AAA|ARM.ActiveCfg = AAA|Any CPU
		{BCB76C92-15DD-436C-9B5C-6D8D9671FA88}.AAA|ARM.Build.0 = AAA|Any CPU
		{BCB76C92-15DD-436C-9B5C-6D8D9671FA88}.AAA|x64.ActiveCfg = AAA|Any CPU
		{BCB76C92-15DD-436C-9B5C-6D8D9671FA88}.AAA|x64.Build.0 = AAA|Any CPU
		{BCB76C92-15DD-436C-9B5C-6D8D9671FA88}.AAA|x86.ActiveCfg = AAA|Any CPU
		{BCB76C92-15DD-436C-9B5C-6D8D9671FA88}.AAA|x86.Build.0 = AAA|Any CPU
		{BCB76C92-15DD-436C-9B5C-6D8D9671FA88}.Debug|Any CPU.ActiveCfg = Debug|Any CPU
		{BCB76C92-15DD-436C-9B5C-6D8D9671FA88}.Debug|Any CPU.Build.0 = Debug|Any CPU
		{BCB76C92-15DD-436C-9B5C-6D8D9671FA88}.Debug|ARM.ActiveCfg = Debug|Any CPU
		{BCB76C92-15DD-436C-9B5C-6D8D9671FA88}.Debug|ARM.Build.0 = Debug|Any CPU
		{BCB76C92-15DD-436C-9B5C-6D8D9671FA88}.Debug|x64.ActiveCfg = Debug|Any CPU
		{BCB76C92-15DD-436C-9B5C-6D8D9671FA88}.Debug|x64.Build.0 = Debug|Any CPU
		{BCB76C92-15DD-436C-9B5C-6D8D9671FA88}.Debug|x86.ActiveCfg = Debug|Any CPU
		{BCB76C92-15DD-436C-9B5C-6D8D9671FA88}.Debug|x86.Build.0 = Debug|Any CPU
		{BCB76C92-15DD-436C-9B5C-6D8D9671FA88}.Release|Any CPU.ActiveCfg = Release|Any CPU
		{BCB76C92-15DD-436C-9B5C-6D8D9671FA88}.Release|Any CPU.Build.0 = Release|Any CPU
		{BCB76C92-15DD-436C-9B5C-6D8D9671FA88}.Release|ARM.ActiveCfg = Release|Any CPU
		{BCB76C92-15DD-436C-9B5C-6D8D9671FA88}.Release|ARM.Build.0 = Release|Any CPU
		{BCB76C92-15DD-436C-9B5C-6D8D9671FA88}.Release|x64.ActiveCfg = Release|Any CPU
		{BCB76C92-15DD-436C-9B5C-6D8D9671FA88}.Release|x64.Build.0 = Release|Any CPU
		{BCB76C92-15DD-436C-9B5C-6D8D9671FA88}.Release|x86.ActiveCfg = Release|Any CPU
		{BCB76C92-15DD-436C-9B5C-6D8D9671FA88}.Release|x86.Build.0 = Release|Any CPU
		{DC9B4157-68C6-4F52-B8E4-EC2E4BC1D237}.AAA|Any CPU.ActiveCfg = Debug|Any CPU
		{DC9B4157-68C6-4F52-B8E4-EC2E4BC1D237}.AAA|Any CPU.Build.0 = Debug|Any CPU
		{DC9B4157-68C6-4F52-B8E4-EC2E4BC1D237}.AAA|ARM.ActiveCfg = AAA|Any CPU
		{DC9B4157-68C6-4F52-B8E4-EC2E4BC1D237}.AAA|ARM.Build.0 = AAA|Any CPU
		{DC9B4157-68C6-4F52-B8E4-EC2E4BC1D237}.AAA|x64.ActiveCfg = AAA|Any CPU
		{DC9B4157-68C6-4F52-B8E4-EC2E4BC1D237}.AAA|x64.Build.0 = AAA|Any CPU
		{DC9B4157-68C6-4F52-B8E4-EC2E4BC1D237}.AAA|x86.ActiveCfg = AAA|Any CPU
		{DC9B4157-68C6-4F52-B8E4-EC2E4BC1D237}.AAA|x86.Build.0 = AAA|Any CPU
		{DC9B4157-68C6-4F52-B8E4-EC2E4BC1D237}.Debug|Any CPU.ActiveCfg = Debug|Any CPU
		{DC9B4157-68C6-4F52-B8E4-EC2E4BC1D237}.Debug|Any CPU.Build.0 = Debug|Any CPU
		{DC9B4157-68C6-4F52-B8E4-EC2E4BC1D237}.Debug|ARM.ActiveCfg = Debug|Any CPU
		{DC9B4157-68C6-4F52-B8E4-EC2E4BC1D237}.Debug|ARM.Build.0 = Debug|Any CPU
		{DC9B4157-68C6-4F52-B8E4-EC2E4BC1D237}.Debug|x64.ActiveCfg = Debug|Any CPU
		{DC9B4157-68C6-4F52-B8E4-EC2E4BC1D237}.Debug|x64.Build.0 = Debug|Any CPU
		{DC9B4157-68C6-4F52-B8E4-EC2E4BC1D237}.Debug|x86.ActiveCfg = Debug|Any CPU
		{DC9B4157-68C6-4F52-B8E4-EC2E4BC1D237}.Debug|x86.Build.0 = Debug|Any CPU
		{DC9B4157-68C6-4F52-B8E4-EC2E4BC1D237}.Release|Any CPU.ActiveCfg = Release|Any CPU
		{DC9B4157-68C6-4F52-B8E4-EC2E4BC1D237}.Release|Any CPU.Build.0 = Release|Any CPU
		{DC9B4157-68C6-4F52-B8E4-EC2E4BC1D237}.Release|ARM.ActiveCfg = Release|Any CPU
		{DC9B4157-68C6-4F52-B8E4-EC2E4BC1D237}.Release|ARM.Build.0 = Release|Any CPU
		{DC9B4157-68C6-4F52-B8E4-EC2E4BC1D237}.Release|x64.ActiveCfg = Release|Any CPU
		{DC9B4157-68C6-4F52-B8E4-EC2E4BC1D237}.Release|x64.Build.0 = Release|Any CPU
		{DC9B4157-68C6-4F52-B8E4-EC2E4BC1D237}.Release|x86.ActiveCfg = Release|Any CPU
		{DC9B4157-68C6-4F52-B8E4-EC2E4BC1D237}.Release|x86.Build.0 = Release|Any CPU
		{F532CD50-A844-49DD-8AEF-619DF0694406}.AAA|Any CPU.ActiveCfg = Debug|Any CPU
		{F532CD50-A844-49DD-8AEF-619DF0694406}.AAA|Any CPU.Build.0 = Debug|Any CPU
		{F532CD50-A844-49DD-8AEF-619DF0694406}.AAA|ARM.ActiveCfg = AAA|Any CPU
		{F532CD50-A844-49DD-8AEF-619DF0694406}.AAA|ARM.Build.0 = AAA|Any CPU
		{F532CD50-A844-49DD-8AEF-619DF0694406}.AAA|x64.ActiveCfg = AAA|Any CPU
		{F532CD50-A844-49DD-8AEF-619DF0694406}.AAA|x64.Build.0 = AAA|Any CPU
		{F532CD50-A844-49DD-8AEF-619DF0694406}.AAA|x86.ActiveCfg = AAA|Any CPU
		{F532CD50-A844-49DD-8AEF-619DF0694406}.AAA|x86.Build.0 = AAA|Any CPU
		{F532CD50-A844-49DD-8AEF-619DF0694406}.Debug|Any CPU.ActiveCfg = Debug|Any CPU
		{F532CD50-A844-49DD-8AEF-619DF0694406}.Debug|Any CPU.Build.0 = Debug|Any CPU
		{F532CD50-A844-49DD-8AEF-619DF0694406}.Debug|ARM.ActiveCfg = Debug|Any CPU
		{F532CD50-A844-49DD-8AEF-619DF0694406}.Debug|ARM.Build.0 = Debug|Any CPU
		{F532CD50-A844-49DD-8AEF-619DF0694406}.Debug|x64.ActiveCfg = Debug|Any CPU
		{F532CD50-A844-49DD-8AEF-619DF0694406}.Debug|x64.Build.0 = Debug|Any CPU
		{F532CD50-A844-49DD-8AEF-619DF0694406}.Debug|x86.ActiveCfg = Debug|Any CPU
		{F532CD50-A844-49DD-8AEF-619DF0694406}.Debug|x86.Build.0 = Debug|Any CPU
		{F532CD50-A844-49DD-8AEF-619DF0694406}.Release|Any CPU.ActiveCfg = Release|Any CPU
		{F532CD50-A844-49DD-8AEF-619DF0694406}.Release|Any CPU.Build.0 = Release|Any CPU
		{F532CD50-A844-49DD-8AEF-619DF0694406}.Release|ARM.ActiveCfg = Release|Any CPU
		{F532CD50-A844-49DD-8AEF-619DF0694406}.Release|ARM.Build.0 = Release|Any CPU
		{F532CD50-A844-49DD-8AEF-619DF0694406}.Release|x64.ActiveCfg = Release|Any CPU
		{F532CD50-A844-49DD-8AEF-619DF0694406}.Release|x64.Build.0 = Release|Any CPU
		{F532CD50-A844-49DD-8AEF-619DF0694406}.Release|x86.ActiveCfg = Release|Any CPU
		{F532CD50-A844-49DD-8AEF-619DF0694406}.Release|x86.Build.0 = Release|Any CPU
		{760EE9C1-FB62-44A9-8FCB-21BD5B8F42EC}.AAA|Any CPU.ActiveCfg = Debug|Any CPU
		{760EE9C1-FB62-44A9-8FCB-21BD5B8F42EC}.AAA|Any CPU.Build.0 = Debug|Any CPU
		{760EE9C1-FB62-44A9-8FCB-21BD5B8F42EC}.AAA|ARM.ActiveCfg = AAA|Any CPU
		{760EE9C1-FB62-44A9-8FCB-21BD5B8F42EC}.AAA|ARM.Build.0 = AAA|Any CPU
		{760EE9C1-FB62-44A9-8FCB-21BD5B8F42EC}.AAA|x64.ActiveCfg = AAA|Any CPU
		{760EE9C1-FB62-44A9-8FCB-21BD5B8F42EC}.AAA|x64.Build.0 = AAA|Any CPU
		{760EE9C1-FB62-44A9-8FCB-21BD5B8F42EC}.AAA|x86.ActiveCfg = AAA|Any CPU
		{760EE9C1-FB62-44A9-8FCB-21BD5B8F42EC}.AAA|x86.Build.0 = AAA|Any CPU
		{760EE9C1-FB62-44A9-8FCB-21BD5B8F42EC}.Debug|Any CPU.ActiveCfg = Debug|Any CPU
		{760EE9C1-FB62-44A9-8FCB-21BD5B8F42EC}.Debug|Any CPU.Build.0 = Debug|Any CPU
		{760EE9C1-FB62-44A9-8FCB-21BD5B8F42EC}.Debug|ARM.ActiveCfg = Debug|Any CPU
		{760EE9C1-FB62-44A9-8FCB-21BD5B8F42EC}.Debug|ARM.Build.0 = Debug|Any CPU
		{760EE9C1-FB62-44A9-8FCB-21BD5B8F42EC}.Debug|x64.ActiveCfg = Debug|Any CPU
		{760EE9C1-FB62-44A9-8FCB-21BD5B8F42EC}.Debug|x64.Build.0 = Debug|Any CPU
		{760EE9C1-FB62-44A9-8FCB-21BD5B8F42EC}.Debug|x86.ActiveCfg = Debug|Any CPU
		{760EE9C1-FB62-44A9-8FCB-21BD5B8F42EC}.Debug|x86.Build.0 = Debug|Any CPU
		{760EE9C1-FB62-44A9-8FCB-21BD5B8F42EC}.Release|Any CPU.ActiveCfg = Release|Any CPU
		{760EE9C1-FB62-44A9-8FCB-21BD5B8F42EC}.Release|Any CPU.Build.0 = Release|Any CPU
		{760EE9C1-FB62-44A9-8FCB-21BD5B8F42EC}.Release|ARM.ActiveCfg = Release|Any CPU
		{760EE9C1-FB62-44A9-8FCB-21BD5B8F42EC}.Release|ARM.Build.0 = Release|Any CPU
		{760EE9C1-FB62-44A9-8FCB-21BD5B8F42EC}.Release|x64.ActiveCfg = Release|Any CPU
		{760EE9C1-FB62-44A9-8FCB-21BD5B8F42EC}.Release|x64.Build.0 = Release|Any CPU
		{760EE9C1-FB62-44A9-8FCB-21BD5B8F42EC}.Release|x86.ActiveCfg = Release|Any CPU
		{760EE9C1-FB62-44A9-8FCB-21BD5B8F42EC}.Release|x86.Build.0 = Release|Any CPU
		{B778F21D-C26C-491D-BD1D-EBF507F72289}.AAA|Any CPU.ActiveCfg = Debug|Any CPU
		{B778F21D-C26C-491D-BD1D-EBF507F72289}.AAA|Any CPU.Build.0 = Debug|Any CPU
		{B778F21D-C26C-491D-BD1D-EBF507F72289}.AAA|ARM.ActiveCfg = AAA|Any CPU
		{B778F21D-C26C-491D-BD1D-EBF507F72289}.AAA|ARM.Build.0 = AAA|Any CPU
		{B778F21D-C26C-491D-BD1D-EBF507F72289}.AAA|x64.ActiveCfg = AAA|Any CPU
		{B778F21D-C26C-491D-BD1D-EBF507F72289}.AAA|x64.Build.0 = AAA|Any CPU
		{B778F21D-C26C-491D-BD1D-EBF507F72289}.AAA|x86.ActiveCfg = AAA|Any CPU
		{B778F21D-C26C-491D-BD1D-EBF507F72289}.AAA|x86.Build.0 = AAA|Any CPU
		{B778F21D-C26C-491D-BD1D-EBF507F72289}.Debug|Any CPU.ActiveCfg = Debug|Any CPU
		{B778F21D-C26C-491D-BD1D-EBF507F72289}.Debug|Any CPU.Build.0 = Debug|Any CPU
		{B778F21D-C26C-491D-BD1D-EBF507F72289}.Debug|ARM.ActiveCfg = Debug|Any CPU
		{B778F21D-C26C-491D-BD1D-EBF507F72289}.Debug|ARM.Build.0 = Debug|Any CPU
		{B778F21D-C26C-491D-BD1D-EBF507F72289}.Debug|x64.ActiveCfg = Debug|Any CPU
		{B778F21D-C26C-491D-BD1D-EBF507F72289}.Debug|x64.Build.0 = Debug|Any CPU
		{B778F21D-C26C-491D-BD1D-EBF507F72289}.Debug|x86.ActiveCfg = Debug|Any CPU
		{B778F21D-C26C-491D-BD1D-EBF507F72289}.Debug|x86.Build.0 = Debug|Any CPU
		{B778F21D-C26C-491D-BD1D-EBF507F72289}.Release|Any CPU.ActiveCfg = Release|Any CPU
		{B778F21D-C26C-491D-BD1D-EBF507F72289}.Release|Any CPU.Build.0 = Release|Any CPU
		{B778F21D-C26C-491D-BD1D-EBF507F72289}.Release|ARM.ActiveCfg = Release|Any CPU
		{B778F21D-C26C-491D-BD1D-EBF507F72289}.Release|ARM.Build.0 = Release|Any CPU
		{B778F21D-C26C-491D-BD1D-EBF507F72289}.Release|x64.ActiveCfg = Release|Any CPU
		{B778F21D-C26C-491D-BD1D-EBF507F72289}.Release|x64.Build.0 = Release|Any CPU
		{B778F21D-C26C-491D-BD1D-EBF507F72289}.Release|x86.ActiveCfg = Release|Any CPU
		{B778F21D-C26C-491D-BD1D-EBF507F72289}.Release|x86.Build.0 = Release|Any CPU
		{53047F4F-9839-40A7-B10B-CCAF1A66EA37}.AAA|Any CPU.ActiveCfg = Debug|Any CPU
		{53047F4F-9839-40A7-B10B-CCAF1A66EA37}.AAA|Any CPU.Build.0 = Debug|Any CPU
		{53047F4F-9839-40A7-B10B-CCAF1A66EA37}.AAA|ARM.ActiveCfg = AAA|Any CPU
		{53047F4F-9839-40A7-B10B-CCAF1A66EA37}.AAA|ARM.Build.0 = AAA|Any CPU
		{53047F4F-9839-40A7-B10B-CCAF1A66EA37}.AAA|x64.ActiveCfg = AAA|Any CPU
		{53047F4F-9839-40A7-B10B-CCAF1A66EA37}.AAA|x64.Build.0 = AAA|Any CPU
		{53047F4F-9839-40A7-B10B-CCAF1A66EA37}.AAA|x86.ActiveCfg = AAA|Any CPU
		{53047F4F-9839-40A7-B10B-CCAF1A66EA37}.AAA|x86.Build.0 = AAA|Any CPU
		{53047F4F-9839-40A7-B10B-CCAF1A66EA37}.Debug|Any CPU.ActiveCfg = Debug|Any CPU
		{53047F4F-9839-40A7-B10B-CCAF1A66EA37}.Debug|Any CPU.Build.0 = Debug|Any CPU
		{53047F4F-9839-40A7-B10B-CCAF1A66EA37}.Debug|ARM.ActiveCfg = Debug|Any CPU
		{53047F4F-9839-40A7-B10B-CCAF1A66EA37}.Debug|ARM.Build.0 = Debug|Any CPU
		{53047F4F-9839-40A7-B10B-CCAF1A66EA37}.Debug|x64.ActiveCfg = Debug|Any CPU
		{53047F4F-9839-40A7-B10B-CCAF1A66EA37}.Debug|x64.Build.0 = Debug|Any CPU
		{53047F4F-9839-40A7-B10B-CCAF1A66EA37}.Debug|x86.ActiveCfg = Debug|Any CPU
		{53047F4F-9839-40A7-B10B-CCAF1A66EA37}.Debug|x86.Build.0 = Debug|Any CPU
		{53047F4F-9839-40A7-B10B-CCAF1A66EA37}.Release|Any CPU.ActiveCfg = Release|Any CPU
		{53047F4F-9839-40A7-B10B-CCAF1A66EA37}.Release|Any CPU.Build.0 = Release|Any CPU
		{53047F4F-9839-40A7-B10B-CCAF1A66EA37}.Release|ARM.ActiveCfg = Release|Any CPU
		{53047F4F-9839-40A7-B10B-CCAF1A66EA37}.Release|ARM.Build.0 = Release|Any CPU
		{53047F4F-9839-40A7-B10B-CCAF1A66EA37}.Release|x64.ActiveCfg = Release|Any CPU
		{53047F4F-9839-40A7-B10B-CCAF1A66EA37}.Release|x64.Build.0 = Release|Any CPU
		{53047F4F-9839-40A7-B10B-CCAF1A66EA37}.Release|x86.ActiveCfg = Release|Any CPU
		{53047F4F-9839-40A7-B10B-CCAF1A66EA37}.Release|x86.Build.0 = Release|Any CPU
		{A237E772-678D-490B-ADDF-1D4535D970B6}.AAA|Any CPU.ActiveCfg = Debug|Any CPU
		{A237E772-678D-490B-ADDF-1D4535D970B6}.AAA|Any CPU.Build.0 = Debug|Any CPU
		{A237E772-678D-490B-ADDF-1D4535D970B6}.AAA|ARM.ActiveCfg = AAA|Any CPU
		{A237E772-678D-490B-ADDF-1D4535D970B6}.AAA|ARM.Build.0 = AAA|Any CPU
		{A237E772-678D-490B-ADDF-1D4535D970B6}.AAA|x64.ActiveCfg = AAA|Any CPU
		{A237E772-678D-490B-ADDF-1D4535D970B6}.AAA|x64.Build.0 = AAA|Any CPU
		{A237E772-678D-490B-ADDF-1D4535D970B6}.AAA|x86.ActiveCfg = AAA|Any CPU
		{A237E772-678D-490B-ADDF-1D4535D970B6}.AAA|x86.Build.0 = AAA|Any CPU
		{A237E772-678D-490B-ADDF-1D4535D970B6}.Debug|Any CPU.ActiveCfg = Debug|Any CPU
		{A237E772-678D-490B-ADDF-1D4535D970B6}.Debug|Any CPU.Build.0 = Debug|Any CPU
		{A237E772-678D-490B-ADDF-1D4535D970B6}.Debug|ARM.ActiveCfg = Debug|Any CPU
		{A237E772-678D-490B-ADDF-1D4535D970B6}.Debug|ARM.Build.0 = Debug|Any CPU
		{A237E772-678D-490B-ADDF-1D4535D970B6}.Debug|x64.ActiveCfg = Debug|Any CPU
		{A237E772-678D-490B-ADDF-1D4535D970B6}.Debug|x64.Build.0 = Debug|Any CPU
		{A237E772-678D-490B-ADDF-1D4535D970B6}.Debug|x86.ActiveCfg = Debug|Any CPU
		{A237E772-678D-490B-ADDF-1D4535D970B6}.Debug|x86.Build.0 = Debug|Any CPU
		{A237E772-678D-490B-ADDF-1D4535D970B6}.Release|Any CPU.ActiveCfg = Release|Any CPU
		{A237E772-678D-490B-ADDF-1D4535D970B6}.Release|Any CPU.Build.0 = Release|Any CPU
		{A237E772-678D-490B-ADDF-1D4535D970B6}.Release|ARM.ActiveCfg = Release|Any CPU
		{A237E772-678D-490B-ADDF-1D4535D970B6}.Release|ARM.Build.0 = Release|Any CPU
		{A237E772-678D-490B-ADDF-1D4535D970B6}.Release|x64.ActiveCfg = Release|Any CPU
		{A237E772-678D-490B-ADDF-1D4535D970B6}.Release|x64.Build.0 = Release|Any CPU
		{A237E772-678D-490B-ADDF-1D4535D970B6}.Release|x86.ActiveCfg = Release|Any CPU
		{A237E772-678D-490B-ADDF-1D4535D970B6}.Release|x86.Build.0 = Release|Any CPU
		{48286D69-A549-43F1-9549-843376F00790}.AAA|Any CPU.ActiveCfg = Release|Any CPU
		{48286D69-A549-43F1-9549-843376F00790}.AAA|Any CPU.Build.0 = Release|Any CPU
		{48286D69-A549-43F1-9549-843376F00790}.AAA|ARM.ActiveCfg = Debug|Any CPU
		{48286D69-A549-43F1-9549-843376F00790}.AAA|ARM.Build.0 = Debug|Any CPU
		{48286D69-A549-43F1-9549-843376F00790}.AAA|x64.ActiveCfg = Debug|Any CPU
		{48286D69-A549-43F1-9549-843376F00790}.AAA|x64.Build.0 = Debug|Any CPU
		{48286D69-A549-43F1-9549-843376F00790}.AAA|x86.ActiveCfg = Release|Any CPU
		{48286D69-A549-43F1-9549-843376F00790}.AAA|x86.Build.0 = Release|Any CPU
		{48286D69-A549-43F1-9549-843376F00790}.Debug|Any CPU.ActiveCfg = Debug|Any CPU
		{48286D69-A549-43F1-9549-843376F00790}.Debug|Any CPU.Build.0 = Debug|Any CPU
		{48286D69-A549-43F1-9549-843376F00790}.Debug|ARM.ActiveCfg = Debug|Any CPU
		{48286D69-A549-43F1-9549-843376F00790}.Debug|ARM.Build.0 = Debug|Any CPU
		{48286D69-A549-43F1-9549-843376F00790}.Debug|x64.ActiveCfg = Debug|Any CPU
		{48286D69-A549-43F1-9549-843376F00790}.Debug|x64.Build.0 = Debug|Any CPU
		{48286D69-A549-43F1-9549-843376F00790}.Debug|x86.ActiveCfg = Debug|Any CPU
		{48286D69-A549-43F1-9549-843376F00790}.Debug|x86.Build.0 = Debug|Any CPU
		{48286D69-A549-43F1-9549-843376F00790}.Release|Any CPU.ActiveCfg = Release|Any CPU
		{48286D69-A549-43F1-9549-843376F00790}.Release|Any CPU.Build.0 = Release|Any CPU
		{48286D69-A549-43F1-9549-843376F00790}.Release|ARM.ActiveCfg = Release|Any CPU
		{48286D69-A549-43F1-9549-843376F00790}.Release|ARM.Build.0 = Release|Any CPU
		{48286D69-A549-43F1-9549-843376F00790}.Release|x64.ActiveCfg = Release|Any CPU
		{48286D69-A549-43F1-9549-843376F00790}.Release|x64.Build.0 = Release|Any CPU
		{48286D69-A549-43F1-9549-843376F00790}.Release|x86.ActiveCfg = Release|Any CPU
		{48286D69-A549-43F1-9549-843376F00790}.Release|x86.Build.0 = Release|Any CPU
		{149A62F0-7073-4F54-B91E-E0B041C1A3EC}.AAA|Any CPU.ActiveCfg = Release|Any CPU
		{149A62F0-7073-4F54-B91E-E0B041C1A3EC}.AAA|Any CPU.Build.0 = Release|Any CPU
		{149A62F0-7073-4F54-B91E-E0B041C1A3EC}.AAA|ARM.ActiveCfg = Debug|Any CPU
		{149A62F0-7073-4F54-B91E-E0B041C1A3EC}.AAA|ARM.Build.0 = Debug|Any CPU
		{149A62F0-7073-4F54-B91E-E0B041C1A3EC}.AAA|x64.ActiveCfg = Debug|Any CPU
		{149A62F0-7073-4F54-B91E-E0B041C1A3EC}.AAA|x64.Build.0 = Debug|Any CPU
		{149A62F0-7073-4F54-B91E-E0B041C1A3EC}.AAA|x86.ActiveCfg = Release|x86
		{149A62F0-7073-4F54-B91E-E0B041C1A3EC}.AAA|x86.Build.0 = Release|x86
		{149A62F0-7073-4F54-B91E-E0B041C1A3EC}.Debug|Any CPU.ActiveCfg = Debug|Any CPU
		{149A62F0-7073-4F54-B91E-E0B041C1A3EC}.Debug|Any CPU.Build.0 = Debug|Any CPU
		{149A62F0-7073-4F54-B91E-E0B041C1A3EC}.Debug|ARM.ActiveCfg = Debug|Any CPU
		{149A62F0-7073-4F54-B91E-E0B041C1A3EC}.Debug|ARM.Build.0 = Debug|Any CPU
		{149A62F0-7073-4F54-B91E-E0B041C1A3EC}.Debug|x64.ActiveCfg = Debug|Any CPU
		{149A62F0-7073-4F54-B91E-E0B041C1A3EC}.Debug|x64.Build.0 = Debug|Any CPU
		{149A62F0-7073-4F54-B91E-E0B041C1A3EC}.Debug|x86.ActiveCfg = Debug|x86
		{149A62F0-7073-4F54-B91E-E0B041C1A3EC}.Debug|x86.Build.0 = Debug|x86
		{149A62F0-7073-4F54-B91E-E0B041C1A3EC}.Release|Any CPU.ActiveCfg = Release|Any CPU
		{149A62F0-7073-4F54-B91E-E0B041C1A3EC}.Release|Any CPU.Build.0 = Release|Any CPU
		{149A62F0-7073-4F54-B91E-E0B041C1A3EC}.Release|ARM.ActiveCfg = Release|Any CPU
		{149A62F0-7073-4F54-B91E-E0B041C1A3EC}.Release|ARM.Build.0 = Release|Any CPU
		{149A62F0-7073-4F54-B91E-E0B041C1A3EC}.Release|x64.ActiveCfg = Release|Any CPU
		{149A62F0-7073-4F54-B91E-E0B041C1A3EC}.Release|x64.Build.0 = Release|Any CPU
		{149A62F0-7073-4F54-B91E-E0B041C1A3EC}.Release|x86.ActiveCfg = Release|x86
		{149A62F0-7073-4F54-B91E-E0B041C1A3EC}.Release|x86.Build.0 = Release|x86
		{11CAD046-50BC-49CE-8DC4-016A43571372}.AAA|Any CPU.ActiveCfg = Release|Any CPU
		{11CAD046-50BC-49CE-8DC4-016A43571372}.AAA|Any CPU.Build.0 = Release|Any CPU
		{11CAD046-50BC-49CE-8DC4-016A43571372}.AAA|ARM.ActiveCfg = Debug|Any CPU
		{11CAD046-50BC-49CE-8DC4-016A43571372}.AAA|ARM.Build.0 = Debug|Any CPU
		{11CAD046-50BC-49CE-8DC4-016A43571372}.AAA|x64.ActiveCfg = Debug|Any CPU
		{11CAD046-50BC-49CE-8DC4-016A43571372}.AAA|x64.Build.0 = Debug|Any CPU
		{11CAD046-50BC-49CE-8DC4-016A43571372}.AAA|x86.ActiveCfg = Release|x86
		{11CAD046-50BC-49CE-8DC4-016A43571372}.AAA|x86.Build.0 = Release|x86
		{11CAD046-50BC-49CE-8DC4-016A43571372}.Debug|Any CPU.ActiveCfg = Debug|Any CPU
		{11CAD046-50BC-49CE-8DC4-016A43571372}.Debug|Any CPU.Build.0 = Debug|Any CPU
		{11CAD046-50BC-49CE-8DC4-016A43571372}.Debug|ARM.ActiveCfg = Debug|Any CPU
		{11CAD046-50BC-49CE-8DC4-016A43571372}.Debug|ARM.Build.0 = Debug|Any CPU
		{11CAD046-50BC-49CE-8DC4-016A43571372}.Debug|x64.ActiveCfg = Debug|Any CPU
		{11CAD046-50BC-49CE-8DC4-016A43571372}.Debug|x64.Build.0 = Debug|Any CPU
		{11CAD046-50BC-49CE-8DC4-016A43571372}.Debug|x86.ActiveCfg = Debug|x86
		{11CAD046-50BC-49CE-8DC4-016A43571372}.Debug|x86.Build.0 = Debug|x86
		{11CAD046-50BC-49CE-8DC4-016A43571372}.Release|Any CPU.ActiveCfg = Release|Any CPU
		{11CAD046-50BC-49CE-8DC4-016A43571372}.Release|Any CPU.Build.0 = Release|Any CPU
		{11CAD046-50BC-49CE-8DC4-016A43571372}.Release|ARM.ActiveCfg = Release|Any CPU
		{11CAD046-50BC-49CE-8DC4-016A43571372}.Release|ARM.Build.0 = Release|Any CPU
		{11CAD046-50BC-49CE-8DC4-016A43571372}.Release|x64.ActiveCfg = Release|Any CPU
		{11CAD046-50BC-49CE-8DC4-016A43571372}.Release|x64.Build.0 = Release|Any CPU
		{11CAD046-50BC-49CE-8DC4-016A43571372}.Release|x86.ActiveCfg = Release|x86
		{11CAD046-50BC-49CE-8DC4-016A43571372}.Release|x86.Build.0 = Release|x86
		{C79E29D6-9549-49B2-B038-C9AB45D391D5}.AAA|Any CPU.ActiveCfg = Release|Any CPU
		{C79E29D6-9549-49B2-B038-C9AB45D391D5}.AAA|Any CPU.Build.0 = Release|Any CPU
		{C79E29D6-9549-49B2-B038-C9AB45D391D5}.AAA|ARM.ActiveCfg = Debug|Any CPU
		{C79E29D6-9549-49B2-B038-C9AB45D391D5}.AAA|ARM.Build.0 = Debug|Any CPU
		{C79E29D6-9549-49B2-B038-C9AB45D391D5}.AAA|x64.ActiveCfg = Debug|Any CPU
		{C79E29D6-9549-49B2-B038-C9AB45D391D5}.AAA|x64.Build.0 = Debug|Any CPU
		{C79E29D6-9549-49B2-B038-C9AB45D391D5}.AAA|x86.ActiveCfg = Release|x86
		{C79E29D6-9549-49B2-B038-C9AB45D391D5}.AAA|x86.Build.0 = Release|x86
		{C79E29D6-9549-49B2-B038-C9AB45D391D5}.Debug|Any CPU.ActiveCfg = Debug|Any CPU
		{C79E29D6-9549-49B2-B038-C9AB45D391D5}.Debug|Any CPU.Build.0 = Debug|Any CPU
		{C79E29D6-9549-49B2-B038-C9AB45D391D5}.Debug|ARM.ActiveCfg = Debug|Any CPU
		{C79E29D6-9549-49B2-B038-C9AB45D391D5}.Debug|ARM.Build.0 = Debug|Any CPU
		{C79E29D6-9549-49B2-B038-C9AB45D391D5}.Debug|x64.ActiveCfg = Debug|Any CPU
		{C79E29D6-9549-49B2-B038-C9AB45D391D5}.Debug|x64.Build.0 = Debug|Any CPU
		{C79E29D6-9549-49B2-B038-C9AB45D391D5}.Debug|x86.ActiveCfg = Debug|x86
		{C79E29D6-9549-49B2-B038-C9AB45D391D5}.Debug|x86.Build.0 = Debug|x86
		{C79E29D6-9549-49B2-B038-C9AB45D391D5}.Release|Any CPU.ActiveCfg = Release|Any CPU
		{C79E29D6-9549-49B2-B038-C9AB45D391D5}.Release|Any CPU.Build.0 = Release|Any CPU
		{C79E29D6-9549-49B2-B038-C9AB45D391D5}.Release|ARM.ActiveCfg = Release|Any CPU
		{C79E29D6-9549-49B2-B038-C9AB45D391D5}.Release|ARM.Build.0 = Release|Any CPU
		{C79E29D6-9549-49B2-B038-C9AB45D391D5}.Release|x64.ActiveCfg = Release|Any CPU
		{C79E29D6-9549-49B2-B038-C9AB45D391D5}.Release|x64.Build.0 = Release|Any CPU
		{C79E29D6-9549-49B2-B038-C9AB45D391D5}.Release|x86.ActiveCfg = Release|x86
		{C79E29D6-9549-49B2-B038-C9AB45D391D5}.Release|x86.Build.0 = Release|x86
		{DE4ACA8D-25E6-4334-A8DE-FB5CFF8371B4}.AAA|Any CPU.ActiveCfg = Release|Any CPU
		{DE4ACA8D-25E6-4334-A8DE-FB5CFF8371B4}.AAA|Any CPU.Build.0 = Release|Any CPU
		{DE4ACA8D-25E6-4334-A8DE-FB5CFF8371B4}.AAA|ARM.ActiveCfg = Debug|Any CPU
		{DE4ACA8D-25E6-4334-A8DE-FB5CFF8371B4}.AAA|ARM.Build.0 = Debug|Any CPU
		{DE4ACA8D-25E6-4334-A8DE-FB5CFF8371B4}.AAA|x64.ActiveCfg = Debug|Any CPU
		{DE4ACA8D-25E6-4334-A8DE-FB5CFF8371B4}.AAA|x64.Build.0 = Debug|Any CPU
		{DE4ACA8D-25E6-4334-A8DE-FB5CFF8371B4}.AAA|x86.ActiveCfg = Release|x86
		{DE4ACA8D-25E6-4334-A8DE-FB5CFF8371B4}.AAA|x86.Build.0 = Release|x86
		{DE4ACA8D-25E6-4334-A8DE-FB5CFF8371B4}.Debug|Any CPU.ActiveCfg = Debug|Any CPU
		{DE4ACA8D-25E6-4334-A8DE-FB5CFF8371B4}.Debug|Any CPU.Build.0 = Debug|Any CPU
		{DE4ACA8D-25E6-4334-A8DE-FB5CFF8371B4}.Debug|ARM.ActiveCfg = Debug|Any CPU
		{DE4ACA8D-25E6-4334-A8DE-FB5CFF8371B4}.Debug|ARM.Build.0 = Debug|Any CPU
		{DE4ACA8D-25E6-4334-A8DE-FB5CFF8371B4}.Debug|x64.ActiveCfg = Debug|Any CPU
		{DE4ACA8D-25E6-4334-A8DE-FB5CFF8371B4}.Debug|x64.Build.0 = Debug|Any CPU
		{DE4ACA8D-25E6-4334-A8DE-FB5CFF8371B4}.Debug|x86.ActiveCfg = Debug|x86
		{DE4ACA8D-25E6-4334-A8DE-FB5CFF8371B4}.Debug|x86.Build.0 = Debug|x86
		{DE4ACA8D-25E6-4334-A8DE-FB5CFF8371B4}.Release|Any CPU.ActiveCfg = Release|Any CPU
		{DE4ACA8D-25E6-4334-A8DE-FB5CFF8371B4}.Release|Any CPU.Build.0 = Release|Any CPU
		{DE4ACA8D-25E6-4334-A8DE-FB5CFF8371B4}.Release|ARM.ActiveCfg = Release|Any CPU
		{DE4ACA8D-25E6-4334-A8DE-FB5CFF8371B4}.Release|ARM.Build.0 = Release|Any CPU
		{DE4ACA8D-25E6-4334-A8DE-FB5CFF8371B4}.Release|x64.ActiveCfg = Release|Any CPU
		{DE4ACA8D-25E6-4334-A8DE-FB5CFF8371B4}.Release|x64.Build.0 = Release|Any CPU
		{DE4ACA8D-25E6-4334-A8DE-FB5CFF8371B4}.Release|x86.ActiveCfg = Release|x86
		{DE4ACA8D-25E6-4334-A8DE-FB5CFF8371B4}.Release|x86.Build.0 = Release|x86
		{CB268753-D46A-49EB-BBCA-B24C06A9DD56}.AAA|Any CPU.ActiveCfg = Release|Any CPU
		{CB268753-D46A-49EB-BBCA-B24C06A9DD56}.AAA|Any CPU.Build.0 = Release|Any CPU
		{CB268753-D46A-49EB-BBCA-B24C06A9DD56}.AAA|ARM.ActiveCfg = Debug|Any CPU
		{CB268753-D46A-49EB-BBCA-B24C06A9DD56}.AAA|ARM.Build.0 = Debug|Any CPU
		{CB268753-D46A-49EB-BBCA-B24C06A9DD56}.AAA|x64.ActiveCfg = Debug|Any CPU
		{CB268753-D46A-49EB-BBCA-B24C06A9DD56}.AAA|x64.Build.0 = Debug|Any CPU
		{CB268753-D46A-49EB-BBCA-B24C06A9DD56}.AAA|x86.ActiveCfg = Release|Any CPU
		{CB268753-D46A-49EB-BBCA-B24C06A9DD56}.AAA|x86.Build.0 = Release|Any CPU
		{CB268753-D46A-49EB-BBCA-B24C06A9DD56}.Debug|Any CPU.ActiveCfg = Debug|Any CPU
		{CB268753-D46A-49EB-BBCA-B24C06A9DD56}.Debug|Any CPU.Build.0 = Debug|Any CPU
		{CB268753-D46A-49EB-BBCA-B24C06A9DD56}.Debug|ARM.ActiveCfg = Debug|Any CPU
		{CB268753-D46A-49EB-BBCA-B24C06A9DD56}.Debug|ARM.Build.0 = Debug|Any CPU
		{CB268753-D46A-49EB-BBCA-B24C06A9DD56}.Debug|x64.ActiveCfg = Debug|Any CPU
		{CB268753-D46A-49EB-BBCA-B24C06A9DD56}.Debug|x64.Build.0 = Debug|Any CPU
		{CB268753-D46A-49EB-BBCA-B24C06A9DD56}.Debug|x86.ActiveCfg = Debug|Any CPU
		{CB268753-D46A-49EB-BBCA-B24C06A9DD56}.Debug|x86.Build.0 = Debug|Any CPU
		{CB268753-D46A-49EB-BBCA-B24C06A9DD56}.Release|Any CPU.ActiveCfg = Release|Any CPU
		{CB268753-D46A-49EB-BBCA-B24C06A9DD56}.Release|Any CPU.Build.0 = Release|Any CPU
		{CB268753-D46A-49EB-BBCA-B24C06A9DD56}.Release|ARM.ActiveCfg = Release|Any CPU
		{CB268753-D46A-49EB-BBCA-B24C06A9DD56}.Release|ARM.Build.0 = Release|Any CPU
		{CB268753-D46A-49EB-BBCA-B24C06A9DD56}.Release|x64.ActiveCfg = Release|Any CPU
		{CB268753-D46A-49EB-BBCA-B24C06A9DD56}.Release|x64.Build.0 = Release|Any CPU
		{CB268753-D46A-49EB-BBCA-B24C06A9DD56}.Release|x86.ActiveCfg = Release|Any CPU
		{CB268753-D46A-49EB-BBCA-B24C06A9DD56}.Release|x86.Build.0 = Release|Any CPU
		{778DA202-51CB-4E0B-8F55-DB50E4C4A3BD}.AAA|Any CPU.ActiveCfg = Release|Any CPU
		{778DA202-51CB-4E0B-8F55-DB50E4C4A3BD}.AAA|Any CPU.Build.0 = Release|Any CPU
		{778DA202-51CB-4E0B-8F55-DB50E4C4A3BD}.AAA|ARM.ActiveCfg = Debug|Any CPU
		{778DA202-51CB-4E0B-8F55-DB50E4C4A3BD}.AAA|ARM.Build.0 = Debug|Any CPU
		{778DA202-51CB-4E0B-8F55-DB50E4C4A3BD}.AAA|x64.ActiveCfg = Debug|Any CPU
		{778DA202-51CB-4E0B-8F55-DB50E4C4A3BD}.AAA|x64.Build.0 = Debug|Any CPU
		{778DA202-51CB-4E0B-8F55-DB50E4C4A3BD}.AAA|x86.ActiveCfg = Release|Any CPU
		{778DA202-51CB-4E0B-8F55-DB50E4C4A3BD}.AAA|x86.Build.0 = Release|Any CPU
		{778DA202-51CB-4E0B-8F55-DB50E4C4A3BD}.Debug|Any CPU.ActiveCfg = Debug|Any CPU
		{778DA202-51CB-4E0B-8F55-DB50E4C4A3BD}.Debug|Any CPU.Build.0 = Debug|Any CPU
		{778DA202-51CB-4E0B-8F55-DB50E4C4A3BD}.Debug|ARM.ActiveCfg = Debug|Any CPU
		{778DA202-51CB-4E0B-8F55-DB50E4C4A3BD}.Debug|ARM.Build.0 = Debug|Any CPU
		{778DA202-51CB-4E0B-8F55-DB50E4C4A3BD}.Debug|x64.ActiveCfg = Debug|Any CPU
		{778DA202-51CB-4E0B-8F55-DB50E4C4A3BD}.Debug|x64.Build.0 = Debug|Any CPU
		{778DA202-51CB-4E0B-8F55-DB50E4C4A3BD}.Debug|x86.ActiveCfg = Debug|Any CPU
		{778DA202-51CB-4E0B-8F55-DB50E4C4A3BD}.Debug|x86.Build.0 = Debug|Any CPU
		{778DA202-51CB-4E0B-8F55-DB50E4C4A3BD}.Release|Any CPU.ActiveCfg = Release|Any CPU
		{778DA202-51CB-4E0B-8F55-DB50E4C4A3BD}.Release|Any CPU.Build.0 = Release|Any CPU
		{778DA202-51CB-4E0B-8F55-DB50E4C4A3BD}.Release|ARM.ActiveCfg = Release|Any CPU
		{778DA202-51CB-4E0B-8F55-DB50E4C4A3BD}.Release|ARM.Build.0 = Release|Any CPU
		{778DA202-51CB-4E0B-8F55-DB50E4C4A3BD}.Release|x64.ActiveCfg = Release|Any CPU
		{778DA202-51CB-4E0B-8F55-DB50E4C4A3BD}.Release|x64.Build.0 = Release|Any CPU
		{778DA202-51CB-4E0B-8F55-DB50E4C4A3BD}.Release|x86.ActiveCfg = Release|Any CPU
		{778DA202-51CB-4E0B-8F55-DB50E4C4A3BD}.Release|x86.Build.0 = Release|Any CPU
		{1B4A641C-9B4E-455E-83CB-E5DA6DB4EC6D}.AAA|Any CPU.ActiveCfg = Release|Any CPU
		{1B4A641C-9B4E-455E-83CB-E5DA6DB4EC6D}.AAA|Any CPU.Build.0 = Release|Any CPU
		{1B4A641C-9B4E-455E-83CB-E5DA6DB4EC6D}.AAA|ARM.ActiveCfg = Debug|Any CPU
		{1B4A641C-9B4E-455E-83CB-E5DA6DB4EC6D}.AAA|ARM.Build.0 = Debug|Any CPU
		{1B4A641C-9B4E-455E-83CB-E5DA6DB4EC6D}.AAA|x64.ActiveCfg = Debug|Any CPU
		{1B4A641C-9B4E-455E-83CB-E5DA6DB4EC6D}.AAA|x64.Build.0 = Debug|Any CPU
		{1B4A641C-9B4E-455E-83CB-E5DA6DB4EC6D}.AAA|x86.ActiveCfg = Release|Any CPU
		{1B4A641C-9B4E-455E-83CB-E5DA6DB4EC6D}.AAA|x86.Build.0 = Release|Any CPU
		{1B4A641C-9B4E-455E-83CB-E5DA6DB4EC6D}.Debug|Any CPU.ActiveCfg = Debug|Any CPU
		{1B4A641C-9B4E-455E-83CB-E5DA6DB4EC6D}.Debug|Any CPU.Build.0 = Debug|Any CPU
		{1B4A641C-9B4E-455E-83CB-E5DA6DB4EC6D}.Debug|ARM.ActiveCfg = Debug|Any CPU
		{1B4A641C-9B4E-455E-83CB-E5DA6DB4EC6D}.Debug|ARM.Build.0 = Debug|Any CPU
		{1B4A641C-9B4E-455E-83CB-E5DA6DB4EC6D}.Debug|x64.ActiveCfg = Debug|Any CPU
		{1B4A641C-9B4E-455E-83CB-E5DA6DB4EC6D}.Debug|x64.Build.0 = Debug|Any CPU
		{1B4A641C-9B4E-455E-83CB-E5DA6DB4EC6D}.Debug|x86.ActiveCfg = Debug|Any CPU
		{1B4A641C-9B4E-455E-83CB-E5DA6DB4EC6D}.Debug|x86.Build.0 = Debug|Any CPU
		{1B4A641C-9B4E-455E-83CB-E5DA6DB4EC6D}.Release|Any CPU.ActiveCfg = Release|Any CPU
		{1B4A641C-9B4E-455E-83CB-E5DA6DB4EC6D}.Release|Any CPU.Build.0 = Release|Any CPU
		{1B4A641C-9B4E-455E-83CB-E5DA6DB4EC6D}.Release|ARM.ActiveCfg = Release|Any CPU
		{1B4A641C-9B4E-455E-83CB-E5DA6DB4EC6D}.Release|ARM.Build.0 = Release|Any CPU
		{1B4A641C-9B4E-455E-83CB-E5DA6DB4EC6D}.Release|x64.ActiveCfg = Release|Any CPU
		{1B4A641C-9B4E-455E-83CB-E5DA6DB4EC6D}.Release|x64.Build.0 = Release|Any CPU
		{1B4A641C-9B4E-455E-83CB-E5DA6DB4EC6D}.Release|x86.ActiveCfg = Release|Any CPU
		{1B4A641C-9B4E-455E-83CB-E5DA6DB4EC6D}.Release|x86.Build.0 = Release|Any CPU
		{2863350A-EB90-40BE-9636-7A60579428DB}.AAA|Any CPU.ActiveCfg = Release|Any CPU
		{2863350A-EB90-40BE-9636-7A60579428DB}.AAA|Any CPU.Build.0 = Release|Any CPU
		{2863350A-EB90-40BE-9636-7A60579428DB}.AAA|ARM.ActiveCfg = Debug|Any CPU
		{2863350A-EB90-40BE-9636-7A60579428DB}.AAA|ARM.Build.0 = Debug|Any CPU
		{2863350A-EB90-40BE-9636-7A60579428DB}.AAA|x64.ActiveCfg = Debug|Any CPU
		{2863350A-EB90-40BE-9636-7A60579428DB}.AAA|x64.Build.0 = Debug|Any CPU
		{2863350A-EB90-40BE-9636-7A60579428DB}.AAA|x86.ActiveCfg = Release|Any CPU
		{2863350A-EB90-40BE-9636-7A60579428DB}.AAA|x86.Build.0 = Release|Any CPU
		{2863350A-EB90-40BE-9636-7A60579428DB}.Debug|Any CPU.ActiveCfg = Debug|Any CPU
		{2863350A-EB90-40BE-9636-7A60579428DB}.Debug|Any CPU.Build.0 = Debug|Any CPU
		{2863350A-EB90-40BE-9636-7A60579428DB}.Debug|ARM.ActiveCfg = Debug|Any CPU
		{2863350A-EB90-40BE-9636-7A60579428DB}.Debug|ARM.Build.0 = Debug|Any CPU
		{2863350A-EB90-40BE-9636-7A60579428DB}.Debug|x64.ActiveCfg = Debug|Any CPU
		{2863350A-EB90-40BE-9636-7A60579428DB}.Debug|x64.Build.0 = Debug|Any CPU
		{2863350A-EB90-40BE-9636-7A60579428DB}.Debug|x86.ActiveCfg = Debug|Any CPU
		{2863350A-EB90-40BE-9636-7A60579428DB}.Debug|x86.Build.0 = Debug|Any CPU
		{2863350A-EB90-40BE-9636-7A60579428DB}.Release|Any CPU.ActiveCfg = Release|Any CPU
		{2863350A-EB90-40BE-9636-7A60579428DB}.Release|Any CPU.Build.0 = Release|Any CPU
		{2863350A-EB90-40BE-9636-7A60579428DB}.Release|ARM.ActiveCfg = Release|Any CPU
		{2863350A-EB90-40BE-9636-7A60579428DB}.Release|ARM.Build.0 = Release|Any CPU
		{2863350A-EB90-40BE-9636-7A60579428DB}.Release|x64.ActiveCfg = Release|Any CPU
		{2863350A-EB90-40BE-9636-7A60579428DB}.Release|x64.Build.0 = Release|Any CPU
		{2863350A-EB90-40BE-9636-7A60579428DB}.Release|x86.ActiveCfg = Release|Any CPU
		{2863350A-EB90-40BE-9636-7A60579428DB}.Release|x86.Build.0 = Release|Any CPU
		{D80CB41D-FDFD-4786-AC5B-E99B2DC10483}.AAA|Any CPU.ActiveCfg = Release|Any CPU
		{D80CB41D-FDFD-4786-AC5B-E99B2DC10483}.AAA|Any CPU.Build.0 = Release|Any CPU
		{D80CB41D-FDFD-4786-AC5B-E99B2DC10483}.AAA|ARM.ActiveCfg = Debug|Any CPU
		{D80CB41D-FDFD-4786-AC5B-E99B2DC10483}.AAA|ARM.Build.0 = Debug|Any CPU
		{D80CB41D-FDFD-4786-AC5B-E99B2DC10483}.AAA|x64.ActiveCfg = Debug|Any CPU
		{D80CB41D-FDFD-4786-AC5B-E99B2DC10483}.AAA|x64.Build.0 = Debug|Any CPU
		{D80CB41D-FDFD-4786-AC5B-E99B2DC10483}.AAA|x86.ActiveCfg = Release|Any CPU
		{D80CB41D-FDFD-4786-AC5B-E99B2DC10483}.AAA|x86.Build.0 = Release|Any CPU
		{D80CB41D-FDFD-4786-AC5B-E99B2DC10483}.Debug|Any CPU.ActiveCfg = Debug|Any CPU
		{D80CB41D-FDFD-4786-AC5B-E99B2DC10483}.Debug|Any CPU.Build.0 = Debug|Any CPU
		{D80CB41D-FDFD-4786-AC5B-E99B2DC10483}.Debug|ARM.ActiveCfg = Debug|Any CPU
		{D80CB41D-FDFD-4786-AC5B-E99B2DC10483}.Debug|ARM.Build.0 = Debug|Any CPU
		{D80CB41D-FDFD-4786-AC5B-E99B2DC10483}.Debug|x64.ActiveCfg = Debug|Any CPU
		{D80CB41D-FDFD-4786-AC5B-E99B2DC10483}.Debug|x64.Build.0 = Debug|Any CPU
		{D80CB41D-FDFD-4786-AC5B-E99B2DC10483}.Debug|x86.ActiveCfg = Debug|Any CPU
		{D80CB41D-FDFD-4786-AC5B-E99B2DC10483}.Debug|x86.Build.0 = Debug|Any CPU
		{D80CB41D-FDFD-4786-AC5B-E99B2DC10483}.Release|Any CPU.ActiveCfg = Release|Any CPU
		{D80CB41D-FDFD-4786-AC5B-E99B2DC10483}.Release|Any CPU.Build.0 = Release|Any CPU
		{D80CB41D-FDFD-4786-AC5B-E99B2DC10483}.Release|ARM.ActiveCfg = Release|Any CPU
		{D80CB41D-FDFD-4786-AC5B-E99B2DC10483}.Release|ARM.Build.0 = Release|Any CPU
		{D80CB41D-FDFD-4786-AC5B-E99B2DC10483}.Release|x64.ActiveCfg = Release|Any CPU
		{D80CB41D-FDFD-4786-AC5B-E99B2DC10483}.Release|x64.Build.0 = Release|Any CPU
		{D80CB41D-FDFD-4786-AC5B-E99B2DC10483}.Release|x86.ActiveCfg = Release|Any CPU
		{D80CB41D-FDFD-4786-AC5B-E99B2DC10483}.Release|x86.Build.0 = Release|Any CPU
		{6D923566-DE18-466D-B2BC-E06F50E76352}.AAA|Any CPU.ActiveCfg = Release|Any CPU
		{6D923566-DE18-466D-B2BC-E06F50E76352}.AAA|Any CPU.Build.0 = Release|Any CPU
		{6D923566-DE18-466D-B2BC-E06F50E76352}.AAA|ARM.ActiveCfg = Release|ARM
		{6D923566-DE18-466D-B2BC-E06F50E76352}.AAA|ARM.Build.0 = Release|ARM
		{6D923566-DE18-466D-B2BC-E06F50E76352}.AAA|x64.ActiveCfg = Debug|Any CPU
		{6D923566-DE18-466D-B2BC-E06F50E76352}.AAA|x64.Build.0 = Debug|Any CPU
		{6D923566-DE18-466D-B2BC-E06F50E76352}.AAA|x86.ActiveCfg = Release|x86
		{6D923566-DE18-466D-B2BC-E06F50E76352}.AAA|x86.Build.0 = Release|x86
		{6D923566-DE18-466D-B2BC-E06F50E76352}.Debug|Any CPU.ActiveCfg = Debug|Any CPU
		{6D923566-DE18-466D-B2BC-E06F50E76352}.Debug|Any CPU.Build.0 = Debug|Any CPU
		{6D923566-DE18-466D-B2BC-E06F50E76352}.Debug|ARM.ActiveCfg = Debug|ARM
		{6D923566-DE18-466D-B2BC-E06F50E76352}.Debug|ARM.Build.0 = Debug|ARM
		{6D923566-DE18-466D-B2BC-E06F50E76352}.Debug|x64.ActiveCfg = Debug|Any CPU
		{6D923566-DE18-466D-B2BC-E06F50E76352}.Debug|x64.Build.0 = Debug|Any CPU
		{6D923566-DE18-466D-B2BC-E06F50E76352}.Debug|x86.ActiveCfg = Debug|x86
		{6D923566-DE18-466D-B2BC-E06F50E76352}.Debug|x86.Build.0 = Debug|x86
		{6D923566-DE18-466D-B2BC-E06F50E76352}.Release|Any CPU.ActiveCfg = Release|Any CPU
		{6D923566-DE18-466D-B2BC-E06F50E76352}.Release|Any CPU.Build.0 = Release|Any CPU
		{6D923566-DE18-466D-B2BC-E06F50E76352}.Release|ARM.ActiveCfg = Release|ARM
		{6D923566-DE18-466D-B2BC-E06F50E76352}.Release|ARM.Build.0 = Release|ARM
		{6D923566-DE18-466D-B2BC-E06F50E76352}.Release|x64.ActiveCfg = Release|Any CPU
		{6D923566-DE18-466D-B2BC-E06F50E76352}.Release|x64.Build.0 = Release|Any CPU
		{6D923566-DE18-466D-B2BC-E06F50E76352}.Release|x86.ActiveCfg = Release|x86
		{6D923566-DE18-466D-B2BC-E06F50E76352}.Release|x86.Build.0 = Release|x86
		{16FB99BB-2814-40CF-9943-B26C66E3D1E2}.AAA|Any CPU.ActiveCfg = Debug|Any CPU
		{16FB99BB-2814-40CF-9943-B26C66E3D1E2}.AAA|Any CPU.Build.0 = Debug|Any CPU
		{16FB99BB-2814-40CF-9943-B26C66E3D1E2}.AAA|ARM.ActiveCfg = Debug|Any CPU
		{16FB99BB-2814-40CF-9943-B26C66E3D1E2}.AAA|ARM.Build.0 = Debug|Any CPU
		{16FB99BB-2814-40CF-9943-B26C66E3D1E2}.AAA|x64.ActiveCfg = Debug|Any CPU
		{16FB99BB-2814-40CF-9943-B26C66E3D1E2}.AAA|x64.Build.0 = Debug|Any CPU
		{16FB99BB-2814-40CF-9943-B26C66E3D1E2}.AAA|x86.ActiveCfg = Debug|Any CPU
		{16FB99BB-2814-40CF-9943-B26C66E3D1E2}.AAA|x86.Build.0 = Debug|Any CPU
		{16FB99BB-2814-40CF-9943-B26C66E3D1E2}.Debug|Any CPU.ActiveCfg = Debug|Any CPU
		{16FB99BB-2814-40CF-9943-B26C66E3D1E2}.Debug|Any CPU.Build.0 = Debug|Any CPU
		{16FB99BB-2814-40CF-9943-B26C66E3D1E2}.Debug|ARM.ActiveCfg = Debug|Any CPU
		{16FB99BB-2814-40CF-9943-B26C66E3D1E2}.Debug|ARM.Build.0 = Debug|Any CPU
		{16FB99BB-2814-40CF-9943-B26C66E3D1E2}.Debug|x64.ActiveCfg = Debug|Any CPU
		{16FB99BB-2814-40CF-9943-B26C66E3D1E2}.Debug|x64.Build.0 = Debug|Any CPU
		{16FB99BB-2814-40CF-9943-B26C66E3D1E2}.Debug|x86.ActiveCfg = Debug|Any CPU
		{16FB99BB-2814-40CF-9943-B26C66E3D1E2}.Debug|x86.Build.0 = Debug|Any CPU
		{16FB99BB-2814-40CF-9943-B26C66E3D1E2}.Release|Any CPU.ActiveCfg = Debug|Any CPU
		{16FB99BB-2814-40CF-9943-B26C66E3D1E2}.Release|Any CPU.Build.0 = Debug|Any CPU
		{16FB99BB-2814-40CF-9943-B26C66E3D1E2}.Release|ARM.ActiveCfg = Debug|Any CPU
		{16FB99BB-2814-40CF-9943-B26C66E3D1E2}.Release|ARM.Build.0 = Debug|Any CPU
		{16FB99BB-2814-40CF-9943-B26C66E3D1E2}.Release|x64.ActiveCfg = Debug|Any CPU
		{16FB99BB-2814-40CF-9943-B26C66E3D1E2}.Release|x64.Build.0 = Debug|Any CPU
		{16FB99BB-2814-40CF-9943-B26C66E3D1E2}.Release|x86.ActiveCfg = Debug|Any CPU
		{16FB99BB-2814-40CF-9943-B26C66E3D1E2}.Release|x86.Build.0 = Debug|Any CPU
		{C669DE88-6AA0-40FC-937B-9CBB4830FB2D}.AAA|Any CPU.ActiveCfg = Release|Any CPU
		{C669DE88-6AA0-40FC-937B-9CBB4830FB2D}.AAA|Any CPU.Build.0 = Release|Any CPU
		{C669DE88-6AA0-40FC-937B-9CBB4830FB2D}.AAA|Any CPU.Deploy.0 = Release|Any CPU
		{C669DE88-6AA0-40FC-937B-9CBB4830FB2D}.AAA|ARM.ActiveCfg = Release|ARM
		{C669DE88-6AA0-40FC-937B-9CBB4830FB2D}.AAA|ARM.Build.0 = Release|ARM
		{C669DE88-6AA0-40FC-937B-9CBB4830FB2D}.AAA|ARM.Deploy.0 = Release|ARM
		{C669DE88-6AA0-40FC-937B-9CBB4830FB2D}.AAA|x64.ActiveCfg = Release|Any CPU
		{C669DE88-6AA0-40FC-937B-9CBB4830FB2D}.AAA|x64.Build.0 = Release|Any CPU
		{C669DE88-6AA0-40FC-937B-9CBB4830FB2D}.AAA|x64.Deploy.0 = Release|Any CPU
		{C669DE88-6AA0-40FC-937B-9CBB4830FB2D}.AAA|x86.ActiveCfg = Release|x86
		{C669DE88-6AA0-40FC-937B-9CBB4830FB2D}.AAA|x86.Build.0 = Release|x86
		{C669DE88-6AA0-40FC-937B-9CBB4830FB2D}.AAA|x86.Deploy.0 = Release|x86
		{C669DE88-6AA0-40FC-937B-9CBB4830FB2D}.Debug|Any CPU.ActiveCfg = Debug|Any CPU
		{C669DE88-6AA0-40FC-937B-9CBB4830FB2D}.Debug|Any CPU.Build.0 = Debug|Any CPU
		{C669DE88-6AA0-40FC-937B-9CBB4830FB2D}.Debug|Any CPU.Deploy.0 = Debug|Any CPU
		{C669DE88-6AA0-40FC-937B-9CBB4830FB2D}.Debug|ARM.ActiveCfg = Debug|ARM
		{C669DE88-6AA0-40FC-937B-9CBB4830FB2D}.Debug|ARM.Build.0 = Debug|ARM
		{C669DE88-6AA0-40FC-937B-9CBB4830FB2D}.Debug|ARM.Deploy.0 = Debug|ARM
		{C669DE88-6AA0-40FC-937B-9CBB4830FB2D}.Debug|x64.ActiveCfg = Debug|Any CPU
		{C669DE88-6AA0-40FC-937B-9CBB4830FB2D}.Debug|x64.Build.0 = Debug|Any CPU
		{C669DE88-6AA0-40FC-937B-9CBB4830FB2D}.Debug|x64.Deploy.0 = Debug|Any CPU
		{C669DE88-6AA0-40FC-937B-9CBB4830FB2D}.Debug|x86.ActiveCfg = Debug|x86
		{C669DE88-6AA0-40FC-937B-9CBB4830FB2D}.Debug|x86.Build.0 = Debug|x86
		{C669DE88-6AA0-40FC-937B-9CBB4830FB2D}.Debug|x86.Deploy.0 = Debug|x86
		{C669DE88-6AA0-40FC-937B-9CBB4830FB2D}.Release|Any CPU.ActiveCfg = Release|Any CPU
		{C669DE88-6AA0-40FC-937B-9CBB4830FB2D}.Release|Any CPU.Build.0 = Release|Any CPU
		{C669DE88-6AA0-40FC-937B-9CBB4830FB2D}.Release|Any CPU.Deploy.0 = Release|Any CPU
		{C669DE88-6AA0-40FC-937B-9CBB4830FB2D}.Release|ARM.ActiveCfg = Release|ARM
		{C669DE88-6AA0-40FC-937B-9CBB4830FB2D}.Release|ARM.Build.0 = Release|ARM
		{C669DE88-6AA0-40FC-937B-9CBB4830FB2D}.Release|ARM.Deploy.0 = Release|ARM
		{C669DE88-6AA0-40FC-937B-9CBB4830FB2D}.Release|x64.ActiveCfg = Release|Any CPU
		{C669DE88-6AA0-40FC-937B-9CBB4830FB2D}.Release|x64.Build.0 = Release|Any CPU
		{C669DE88-6AA0-40FC-937B-9CBB4830FB2D}.Release|x64.Deploy.0 = Release|Any CPU
		{C669DE88-6AA0-40FC-937B-9CBB4830FB2D}.Release|x86.ActiveCfg = Release|x86
		{C669DE88-6AA0-40FC-937B-9CBB4830FB2D}.Release|x86.Build.0 = Release|x86
		{C669DE88-6AA0-40FC-937B-9CBB4830FB2D}.Release|x86.Deploy.0 = Release|x86
	EndGlobalSection
	GlobalSection(SolutionProperties) = preSolution
		HideSolutionNode = FALSE
	EndGlobalSection
	GlobalSection(NestedProjects) = preSolution
		{BA96C272-6744-4EAD-AF3B-BBB8EC8E7DC0} = {AFDAF284-45F3-406D-A585-AE187827F28A}
		{FED411E6-075E-4DE0-8284-8CBD0879B55D} = {9A31E001-7D01-4333-9CF1-90B7D8AB69E3}
		{BCB76C92-15DD-436C-9B5C-6D8D9671FA88} = {AFDAF284-45F3-406D-A585-AE187827F28A}
		{DC9B4157-68C6-4F52-B8E4-EC2E4BC1D237} = {41BBBA6D-5ECA-476F-93DA-6795C01E4145}
		{A09DECE8-C135-491D-BE71-C45D026D6337} = {AFDAF284-45F3-406D-A585-AE187827F28A}
		{71078A48-C6BA-4E2E-A22A-229EEBB665B9} = {41BBBA6D-5ECA-476F-93DA-6795C01E4145}
		{F532CD50-A844-49DD-8AEF-619DF0694406} = {83FCC670-FF22-4C0B-8383-093BD954246B}
		{27A69E5C-338F-4D95-A03A-53369BA7948B} = {71078A48-C6BA-4E2E-A22A-229EEBB665B9}
		{760EE9C1-FB62-44A9-8FCB-21BD5B8F42EC} = {27A69E5C-338F-4D95-A03A-53369BA7948B}
		{B778F21D-C26C-491D-BD1D-EBF507F72289} = {A09DECE8-C135-491D-BE71-C45D026D6337}
		{53047F4F-9839-40A7-B10B-CCAF1A66EA37} = {AFDAF284-45F3-406D-A585-AE187827F28A}
		{A237E772-678D-490B-ADDF-1D4535D970B6} = {AFDAF284-45F3-406D-A585-AE187827F28A}
		{48286D69-A549-43F1-9549-843376F00790} = {86B0B0F5-1872-4390-93F8-AC2A46F9AAB4}
		{149A62F0-7073-4F54-B91E-E0B041C1A3EC} = {86B0B0F5-1872-4390-93F8-AC2A46F9AAB4}
		{11CAD046-50BC-49CE-8DC4-016A43571372} = {86B0B0F5-1872-4390-93F8-AC2A46F9AAB4}
		{C79E29D6-9549-49B2-B038-C9AB45D391D5} = {86B0B0F5-1872-4390-93F8-AC2A46F9AAB4}
		{DE4ACA8D-25E6-4334-A8DE-FB5CFF8371B4} = {86B0B0F5-1872-4390-93F8-AC2A46F9AAB4}
		{CB268753-D46A-49EB-BBCA-B24C06A9DD56} = {86B0B0F5-1872-4390-93F8-AC2A46F9AAB4}
		{778DA202-51CB-4E0B-8F55-DB50E4C4A3BD} = {86B0B0F5-1872-4390-93F8-AC2A46F9AAB4}
		{1B4A641C-9B4E-455E-83CB-E5DA6DB4EC6D} = {86B0B0F5-1872-4390-93F8-AC2A46F9AAB4}
		{2863350A-EB90-40BE-9636-7A60579428DB} = {86B0B0F5-1872-4390-93F8-AC2A46F9AAB4}
		{D80CB41D-FDFD-4786-AC5B-E99B2DC10483} = {86B0B0F5-1872-4390-93F8-AC2A46F9AAB4}
		{CCFE7C31-52DC-4DAF-A983-3BDE348B4132} = {41BBBA6D-5ECA-476F-93DA-6795C01E4145}
		{6D923566-DE18-466D-B2BC-E06F50E76352} = {CCFE7C31-52DC-4DAF-A983-3BDE348B4132}
		{16FB99BB-2814-40CF-9943-B26C66E3D1E2} = {103F29CF-2D53-4613-A4E2-426873B32164}
		{28421BE1-E449-4B7F-AED8-06F02BA046B4} = {71078A48-C6BA-4E2E-A22A-229EEBB665B9}
		{C669DE88-6AA0-40FC-937B-9CBB4830FB2D} = {28421BE1-E449-4B7F-AED8-06F02BA046B4}
		{83FCC670-FF22-4C0B-8383-093BD954246B} = {71078A48-C6BA-4E2E-A22A-229EEBB665B9}
		{103F29CF-2D53-4613-A4E2-426873B32164} = {71078A48-C6BA-4E2E-A22A-229EEBB665B9}
	EndGlobalSection
EndGlobal
